
Microsoft Visual Studio Solution File, Format Version 12.00
# Visual Studio Version 17
VisualStudioVersion = 17.7.34031.279
MinimumVisualStudioVersion = 10.0.40219.1
Project("{8BC9CEB8-8B4A-11D0-8D11-00A0C91BC942}") = "Demo", "Demo\Demo.vcxproj", "{043F4BAB-0D18-404D-877F-37BF384095B1}"
EndProject
Project("{8BC9CEB8-8B4A-11D0-8D11-00A0C91BC942}") = "Solver", "Solver\Solver.vcxproj", "{3128C0D4-6919-4CDC-A182-5E27186A3C90}"
EndProject
Project("{8BC9CEB8-8B4A-11D0-8D11-00A0C91BC942}") = "Solver.Tests", "Solver.Tests\Solver.Tests.vcxproj", "{2E8B2777-3A39-43B4-9B69-E7F88EADABE8}"
EndProject
Global
	GlobalSection(SolutionConfigurationPlatforms) = preSolution
		Debug|x64 = Debug|x64
		Debug|x86 = Debug|x86
		Release|x64 = Release|x64
		Release|x86 = Release|x86
	EndGlobalSection
	GlobalSection(ProjectConfigurationPlatforms) = postSolution
		{043F4BAB-0D18-404D-877F-37BF384095B1}.Debug|x64.ActiveCfg = Debug|x64
		{043F4BAB-0D18-404D-877F-37BF384095B1}.Debug|x64.Build.0 = Debug|x64
		{043F4BAB-0D18-404D-877F-37BF384095B1}.Debug|x86.ActiveCfg = Debug|Win32
		{043F4BAB-0D18-404D-877F-37BF384095B1}.Debug|x86.Build.0 = Debug|Win32
		{043F4BAB-0D18-404D-877F-37BF384095B1}.Release|x64.ActiveCfg = Release|x64
		{043F4BAB-0D18-404D-877F-37BF384095B1}.Release|x64.Build.0 = Release|x64
		{043F4BAB-0D18-404D-877F-37BF384095B1}.Release|x86.ActiveCfg = Release|Win32
		{043F4BAB-0D18-404D-877F-37BF384095B1}.Release|x86.Build.0 = Release|Win32
		{3128C0D4-6919-4CDC-A182-5E27186A3C90}.Debug|x64.ActiveCfg = Debug|x64
		{3128C0D4-6919-4CDC-A182-5E27186A3C90}.Debug|x64.Build.0 = Debug|x64
		{3128C0D4-6919-4CDC-A182-5E27186A3C90}.Debug|x86.ActiveCfg = Debug|Win32
		{3128C0D4-6919-4CDC-A182-5E27186A3C90}.Debug|x86.Build.0 = Debug|Win32
		{3128C0D4-6919-4CDC-A182-5E27186A3C90}.Release|x64.ActiveCfg = Release|x64
		{3128C0D4-6919-4CDC-A182-5E27186A3C90}.Release|x64.Build.0 = Release|x64
		{3128C0D4-6919-4CDC-A182-5E27186A3C90}.Release|x86.ActiveCfg = Release|Win32
		{3128C0D4-6919-4CDC-A182-5E27186A3C90}.Release|x86.Build.0 = Release|Win32
		{2E8B2777-3A39-43B4-9B69-E7F88EADABE8}.Debug|x64.ActiveCfg = Debug|x64
		{2E8B2777-3A39-43B4-9B69-E7F88EADABE8}.Debug|x64.Build.0 = Debug|x64
		{2E8B2777-3A39-43B4-9B69-E7F88EADABE8}.Debug|x86.ActiveCfg = Debug|Win32
		{2E8B2777-3A39-43B4-9B69-E7F88EADABE8}.Debug|x86.Build.0 = Debug|Win32
		{2E8B2777-3A39-43B4-9B69-E7F88EADABE8}.Release|x64.ActiveCfg = Release|x64
		{2E8B2777-3A39-43B4-9B69-E7F88EADABE8}.Release|x64.Build.0 = Release|x64
		{2E8B2777-3A39-43B4-9B69-E7F88EADABE8}.Release|x86.ActiveCfg = Release|Win32
		{2E8B2777-3A39-43B4-9B69-E7F88EADABE8}.Release|x86.Build.0 = Release|Win32
	EndGlobalSection
	GlobalSection(SolutionProperties) = preSolution
		HideSolutionNode = FALSE
	EndGlobalSection
	GlobalSection(ExtensibilityGlobals) = postSolution
		SolutionGuid = {F4F3B697-F469-44EC-9317-975906DF2B7E}
	EndGlobalSection
EndGlobal
